PODS:
  - Flutter (1.0.0)
  - valhalla_flutter (0.0.1)

DEPENDENCIES:
  - Flutter (from `Flutter`)
  - valhalla_flutter (from `.symlinks/plugins/valhalla_flutter/ios`)

EXTERNAL SOURCES:
  Flutter:
    :path: Flutter
  valhalla_flutter:
    :path: ".symlinks/plugins/valhalla_flutter/ios"

SPEC CHECKSUMS:
  Flutter: e0871f40cf51350855a761d2e70bf5af5b9b5de7
  valhalla_flutter: 848d23b573780f6482180fed6ee5494e8d8dd67c

PODFILE CHECKSUM: 819463e6a0290f5a72f145ba7cde16e8b6ef0796

COCOAPODS: 1.16.2
